
Microsoft Visual Studio Solution File, Format Version 12.00
# Visual Studio Version 17
VisualStudioVersion = 17.5.002.0
MinimumVisualStudioVersion = 10.0.40219.1
Project("{9A19103F-16F7-4668-BE54-9A1E7A4F7556}") = "FlaUI002", "FlaUI002.csproj", "{569C55DE-8041-4C89-9CF3-25DD4884D0F8}"
EndProject
Global
	GlobalSection(SolutionConfigurationPlatforms) = preSolution
		Debug|Any CPU = Debug|Any CPU
		Release|Any CPU = Release|Any CPU
	EndGlobalSection
	GlobalSection(ProjectConfigurationPlatforms) = postSolution
		{569C55DE-8041-4C89-9CF3-25DD4884D0F8}.Debug|Any CPU.ActiveCfg = Debug|Any CPU
		{569C55DE-8041-4C89-9CF3-25DD4884D0F8}.Debug|Any CPU.Build.0 = Debug|Any CPU
		{569C55DE-8041-4C89-9CF3-25DD4884D0F8}.Release|Any CPU.ActiveCfg = Release|Any CPU
		{569C55DE-8041-4C89-9CF3-25DD4884D0F8}.Release|Any CPU.Build.0 = Release|Any CPU
	EndGlobalSection
	GlobalSection(SolutionProperties) = preSolution
		HideSolutionNode = FALSE
	EndGlobalSection
	GlobalSection(ExtensibilityGlobals) = postSolution
		SolutionGuid = {C24E1905-4162-4881-958A-B80670081CD2}
	EndGlobalSection
EndGlobal
